
Microsoft Visual Studio Solution File, Format Version 12.00
# Visual Studio Version 16
VisualStudioVersion = 16.0.30011.22
MinimumVisualStudioVersion = 10.0.40219.1
Project("{9A19103F-16F7-4668-BE54-9A1E7A4F7556}") = "MilitaryIndustrialComplexSolution", "MilitaryIndustrialComplexSolution\MilitaryIndustrialComplexSolution.csproj", "{87BEABF8-939D-4CF9-9D9B-8BFB640D5F73}"
EndProject
Project("{FAE04EC0-301F-11D3-BF4B-00C04F79EFBC}") = "DataAccessLayer", "DataAccessLayer\DataAccessLayer.csproj", "{821E6E86-B6D3-4580-A3D1-280650E5972D}"
EndProject
Global
	GlobalSection(SolutionConfigurationPlatforms) = preSolution
		Debug|Any CPU = Debug|Any CPU
		Release|Any CPU = Release|Any CPU
	EndGlobalSection
	GlobalSection(ProjectConfigurationPlatforms) = postSolution
		{87BEABF8-939D-4CF9-9D9B-8BFB640D5F73}.Debug|Any CPU.ActiveCfg = Debug|Any CPU
		{87BEABF8-939D-4CF9-9D9B-8BFB640D5F73}.Debug|Any CPU.Build.0 = Debug|Any CPU
		{87BEABF8-939D-4CF9-9D9B-8BFB640D5F73}.Release|Any CPU.ActiveCfg = Release|Any CPU
		{87BEABF8-939D-4CF9-9D9B-8BFB640D5F73}.Release|Any CPU.Build.0 = Release|Any CPU
		{821E6E86-B6D3-4580-A3D1-280650E5972D}.Debug|Any CPU.ActiveCfg = Debug|Any CPU
		{821E6E86-B6D3-4580-A3D1-280650E5972D}.Debug|Any CPU.Build.0 = Debug|Any CPU
		{821E6E86-B6D3-4580-A3D1-280650E5972D}.Release|Any CPU.ActiveCfg = Release|Any CPU
		{821E6E86-B6D3-4580-A3D1-280650E5972D}.Release|Any CPU.Build.0 = Release|Any CPU
	EndGlobalSection
	GlobalSection(SolutionProperties) = preSolution
		HideSolutionNode = FALSE
	EndGlobalSection
	GlobalSection(ExtensibilityGlobals) = postSolution
		SolutionGuid = {4794C0FD-D20D-4410-81D2-7A98F0EA7E02}
	EndGlobalSection
EndGlobal
